
Microsoft Visual Studio Solution File, Format Version 12.00
# Visual Studio 15
VisualStudioVersion = 15.0.28307.539
MinimumVisualStudioVersion = 10.0.40219.1
Project("{FAE04EC0-301F-11D3-BF4B-00C04F79EFBC}") = "HelloWorldDemo", "HelloWorldDemo\HelloWorldDemo.csproj", "{437C3C60-E946-4A06-BE29-57A9E4DFEBB2}"
EndProject
Global
	GlobalSection(SolutionConfigurationPlatforms) = preSolution
		Debug|Any CPU = Debug|Any CPU
		Release|Any CPU = Release|Any CPU
	EndGlobalSection
	GlobalSection(ProjectConfigurationPlatforms) = postSolution
		{437C3C60-E946-4A06-BE29-57A9E4DFEBB2}.Debug|Any CPU.ActiveCfg = Debug|Any CPU
		{437C3C60-E946-4A06-BE29-57A9E4DFEBB2}.Debug|Any CPU.Build.0 = Debug|Any CPU
		{437C3C60-E946-4A06-BE29-57A9E4DFEBB2}.Release|Any CPU.ActiveCfg = Release|Any CPU
		{437C3C60-E946-4A06-BE29-57A9E4DFEBB2}.Release|Any CPU.Build.0 = Release|Any CPU
	EndGlobalSection
	GlobalSection(SolutionProperties) = preSolution
		HideSolutionNode = FALSE
	EndGlobalSection
	GlobalSection(ExtensibilityGlobals) = postSolution
		SolutionGuid = {7172AD22-9F87-4BB9-AF47-AEB27144FDA5}
	EndGlobalSection
EndGlobal
